
Microsoft Visual Studio Solution File, Format Version 12.00
# Visual Studio Version 17
VisualStudioVersion = 17.4.33205.214
MinimumVisualStudioVersion = 10.0.40219.1
Project("{FAE04EC0-301F-11D3-BF4B-00C04F79EFBC}") = "demoCuoiky_2", "demoCuoiky_2.csproj", "{F02F32FC-8D08-43E9-A793-B2A6468D973A}"
EndProject
Global
	GlobalSection(SolutionConfigurationPlatforms) = preSolution
		Debug|Any CPU = Debug|Any CPU
		Release|Any CPU = Release|Any CPU
	EndGlobalSection
	GlobalSection(ProjectConfigurationPlatforms) = postSolution
		{F02F32FC-8D08-43E9-A793-B2A6468D973A}.Debug|Any CPU.ActiveCfg = Debug|Any CPU
		{F02F32FC-8D08-43E9-A793-B2A6468D973A}.Debug|Any CPU.Build.0 = Debug|Any CPU
		{F02F32FC-8D08-43E9-A793-B2A6468D973A}.Release|Any CPU.ActiveCfg = Release|Any CPU
		{F02F32FC-8D08-43E9-A793-B2A6468D973A}.Release|Any CPU.Build.0 = Release|Any CPU
	EndGlobalSection
	GlobalSection(SolutionProperties) = preSolution
		HideSolutionNode = FALSE
	EndGlobalSection
	GlobalSection(ExtensibilityGlobals) = postSolution
		SolutionGuid = {BA20F756-31B6-4823-B887-FDF3B32DE0EB}
	EndGlobalSection
EndGlobal
